
Microsoft Visual Studio Solution File, Format Version 12.00
# Visual Studio Version 17
VisualStudioVersion = 17.3.32901.215
MinimumVisualStudioVersion = 10.0.40219.1
Project("{FAE04EC0-301F-11D3-BF4B-00C04F79EFBC}") = "UpgradeFunction", "UpgradeFunction\UpgradeFunction.csproj", "{42E57C19-D942-4996-96FA-6009F5C23DEA}"
EndProject
Global
	GlobalSection(SolutionConfigurationPlatforms) = preSolution
		Debug|Any CPU = Debug|Any CPU
		Release|Any CPU = Release|Any CPU
	EndGlobalSection
	GlobalSection(ProjectConfigurationPlatforms) = postSolution
		{42E57C19-D942-4996-96FA-6009F5C23DEA}.Debug|Any CPU.ActiveCfg = Debug|Any CPU
		{42E57C19-D942-4996-96FA-6009F5C23DEA}.Debug|Any CPU.Build.0 = Debug|Any CPU
		{42E57C19-D942-4996-96FA-6009F5C23DEA}.Release|Any CPU.ActiveCfg = Release|Any CPU
		{42E57C19-D942-4996-96FA-6009F5C23DEA}.Release|Any CPU.Build.0 = Release|Any CPU
	EndGlobalSection
	GlobalSection(SolutionProperties) = preSolution
		HideSolutionNode = FALSE
	EndGlobalSection
	GlobalSection(ExtensibilityGlobals) = postSolution
		SolutionGuid = {B50B9B53-9FEF-4DA3-A6CA-A80FF3677669}
	EndGlobalSection
EndGlobal
